
Microsoft Visual Studio Solution File, Format Version 12.00
# Visual Studio Version 16
VisualStudioVersion = 16.0.28803.452
MinimumVisualStudioVersion = 10.0.40219.1
Project("{FAE04EC0-301F-11D3-BF4B-00C04F79EFBC}") = "Sol_TempData", "Sol_TempData\Sol_TempData.csproj", "{56D1C4BF-E4ED-4371-8F63-C946AAEA5BCD}"
EndProject
Global
	GlobalSection(SolutionConfigurationPlatforms) = preSolution
		Debug|Any CPU = Debug|Any CPU
		Release|Any CPU = Release|Any CPU
	EndGlobalSection
	GlobalSection(ProjectConfigurationPlatforms) = postSolution
		{56D1C4BF-E4ED-4371-8F63-C946AAEA5BCD}.Debug|Any CPU.ActiveCfg = Debug|Any CPU
		{56D1C4BF-E4ED-4371-8F63-C946AAEA5BCD}.Debug|Any CPU.Build.0 = Debug|Any CPU
		{56D1C4BF-E4ED-4371-8F63-C946AAEA5BCD}.Release|Any CPU.ActiveCfg = Release|Any CPU
		{56D1C4BF-E4ED-4371-8F63-C946AAEA5BCD}.Release|Any CPU.Build.0 = Release|Any CPU
	EndGlobalSection
	GlobalSection(SolutionProperties) = preSolution
		HideSolutionNode = FALSE
	EndGlobalSection
	GlobalSection(ExtensibilityGlobals) = postSolution
		SolutionGuid = {9908484D-6A2F-4E93-B730-555F37238E14}
	EndGlobalSection
EndGlobal
